
Microsoft Visual Studio Solution File, Format Version 12.00
# Visual Studio 14
VisualStudioVersion = 14.0.25420.1
MinimumVisualStudioVersion = 10.0.40219.1
Project("{FAE04EC0-301F-11D3-BF4B-00C04F79EFBC}") = "SeleniumSearch", "SeleniumSearch\SeleniumSearch.csproj", "{0EEFD106-6625-4D9D-9407-8FB01C4F1349}"
EndProject
Global
	GlobalSection(SolutionConfigurationPlatforms) = preSolution
		Debug|Any CPU = Debug|Any CPU
		Release|Any CPU = Release|Any CPU
	EndGlobalSection
	GlobalSection(ProjectConfigurationPlatforms) = postSolution
		{0EEFD106-6625-4D9D-9407-8FB01C4F1349}.Debug|Any CPU.ActiveCfg = Debug|Any CPU
		{0EEFD106-6625-4D9D-9407-8FB01C4F1349}.Debug|Any CPU.Build.0 = Debug|Any CPU
		{0EEFD106-6625-4D9D-9407-8FB01C4F1349}.Release|Any CPU.ActiveCfg = Release|Any CPU
		{0EEFD106-6625-4D9D-9407-8FB01C4F1349}.Release|Any CPU.Build.0 = Release|Any CPU
	EndGlobalSection
	GlobalSection(SolutionProperties) = preSolution
		HideSolutionNode = FALSE
	EndGlobalSection
EndGlobal
